<?xml version="1.0" encoding="UTF-8" standalone="yes" ?>
<CodeBlocks_project_file>
	<FileVersion major="1" minor="6" />
	<Project>
		<Option title="evC" />
		<Option pch_mode="2" />
		<Option compiler="gcc" />
		<Build>
			<Target title="Debug">
				<Option output="bin/Debug/evC" prefix_auto="1" extension_auto="1" />
				<Option object_output="obj/Debug/" />
				<Option type="1" />
				<Option compiler="gcc" />
				<Compiler>
					<Add option="-g" />
				</Compiler>
			</Target>
			<Target title="Release">
				<Option output="bin/Release/evC" prefix_auto="1" extension_auto="1" />
				<Option object_output="obj/Release/" />
				<Option type="1" />
				<Option compiler="gcc" />
				<Compiler>
					<Add option="-O2" />
				</Compiler>
				<Linker>
					<Add option="-s" />
				</Linker>
			</Target>
		</Build>
		<Compiler>
			<Add option="-Wall" />
		</Compiler>
		<Unit filename="../../hi/Alumno.cpp" />
		<Unit filename="../../hi/Alumno.h" />
		<Unit filename="../../hi/Curso.cpp" />
		<Unit filename="../../hi/Curso.h" />
		<Unit filename="../../hi/Persona.cpp" />
		<Unit filename="../../hi/Persona.h" />
		<Unit filename="../../hi/Planilla.cpp" />
		<Unit filename="../../hi/Planilla.h" />
		<Unit filename="../../hi/Profesor.cpp" />
		<Unit filename="../../hi/Profesor.h" />
		<Unit filename="../../hi/main.cpp" />
		<Extensions>
			<code_completion />
			<envvars />
			<debugger />
			<lib_finder disable_auto="1" />
		</Extensions>
	</Project>
</CodeBlocks_project_file>
